{
  "dependencies": {
    "feed": {
      "version": "http://registry.npmjs.org/feed/-/feed-0.2.6.tgz",
      "dependencies": {
        "xml": {
          "version": "http://registry.npmjs.org/xml/-/xml-1.0.0.tgz"
        }
      }
    },
    "marked": {
      "version": "http://registry.npmjs.org/marked/-/marked-0.3.5.tgz"
    },
    "sanitizer": {
      "version": "http://registry.npmjs.org/sanitizer/-/sanitizer-0.1.2.tgz"
    }
  }
}
